
Microsoft Visual Studio Solution File, Format Version 12.00
# Visual Studio 15
VisualStudioVersion = 15.0.26730.16
MinimumVisualStudioVersion = 10.0.40219.1
Project("{FAE04EC0-301F-11D3-BF4B-00C04F79EFBC}") = "PlainUDPReceiver", "PlainUDPReceiver\PlainUDPReceiver.csproj", "{832BA01C-DE91-459C-9860-D140CDF6B855}"
EndProject
Global
	GlobalSection(SolutionConfigurationPlatforms) = preSolution
		Debug|Any CPU = Debug|Any CPU
		Release|Any CPU = Release|Any CPU
	EndGlobalSection
	GlobalSection(ProjectConfigurationPlatforms) = postSolution
		{832BA01C-DE91-459C-9860-D140CDF6B855}.Debug|Any CPU.ActiveCfg = Debug|Any CPU
		{832BA01C-DE91-459C-9860-D140CDF6B855}.Debug|Any CPU.Build.0 = Debug|Any CPU
		{832BA01C-DE91-459C-9860-D140CDF6B855}.Release|Any CPU.ActiveCfg = Release|Any CPU
		{832BA01C-DE91-459C-9860-D140CDF6B855}.Release|Any CPU.Build.0 = Release|Any CPU
	EndGlobalSection
	GlobalSection(SolutionProperties) = preSolution
		HideSolutionNode = FALSE
	EndGlobalSection
	GlobalSection(ExtensibilityGlobals) = postSolution
		SolutionGuid = {92B97BF9-0A82-4A04-A146-F516CEDCF982}
	EndGlobalSection
EndGlobal
